
Microsoft Visual Studio Solution File, Format Version 12.00
# Visual Studio 15
VisualStudioVersion = 15.0.26124.0
MinimumVisualStudioVersion = 15.0.26124.0
Project("{FAE04EC0-301F-11D3-BF4B-00C04F79EFBC}") = "LogAn", "LogAn\LogAn.csproj", "{C01BA443-33C7-4132-BC23-620D48241191}"
EndProject
Project("{FAE04EC0-301F-11D3-BF4B-00C04F79EFBC}") = "LogAn.UnitTests", "LogAn.UnitTests\LogAn.UnitTests.csproj", "{DAD67F9C-FB19-43E1-BD00-2D14313187CE}"
EndProject
Global
	GlobalSection(SolutionConfigurationPlatforms) = preSolution
		Debug|Any CPU = Debug|Any CPU
		Debug|x64 = Debug|x64
		Debug|x86 = Debug|x86
		Release|Any CPU = Release|Any CPU
		Release|x64 = Release|x64
		Release|x86 = Release|x86
	EndGlobalSection
	GlobalSection(SolutionProperties) = preSolution
		HideSolutionNode = FALSE
	EndGlobalSection
	GlobalSection(ProjectConfigurationPlatforms) = postSolution
		{C01BA443-33C7-4132-BC23-620D48241191}.Debug|Any CPU.ActiveCfg = Debug|Any CPU
		{C01BA443-33C7-4132-BC23-620D48241191}.Debug|Any CPU.Build.0 = Debug|Any CPU
		{C01BA443-33C7-4132-BC23-620D48241191}.Debug|x64.ActiveCfg = Debug|Any CPU
		{C01BA443-33C7-4132-BC23-620D48241191}.Debug|x64.Build.0 = Debug|Any CPU
		{C01BA443-33C7-4132-BC23-620D48241191}.Debug|x86.ActiveCfg = Debug|Any CPU
		{C01BA443-33C7-4132-BC23-620D48241191}.Debug|x86.Build.0 = Debug|Any CPU
		{C01BA443-33C7-4132-BC23-620D48241191}.Release|Any CPU.ActiveCfg = Release|Any CPU
		{C01BA443-33C7-4132-BC23-620D48241191}.Release|Any CPU.Build.0 = Release|Any CPU
		{C01BA443-33C7-4132-BC23-620D48241191}.Release|x64.ActiveCfg = Release|Any CPU
		{C01BA443-33C7-4132-BC23-620D48241191}.Release|x64.Build.0 = Release|Any CPU
		{C01BA443-33C7-4132-BC23-620D48241191}.Release|x86.ActiveCfg = Release|Any CPU
		{C01BA443-33C7-4132-BC23-620D48241191}.Release|x86.Build.0 = Release|Any CPU
		{DAD67F9C-FB19-43E1-BD00-2D14313187CE}.Debug|Any CPU.ActiveCfg = Debug|Any CPU
		{DAD67F9C-FB19-43E1-BD00-2D14313187CE}.Debug|Any CPU.Build.0 = Debug|Any CPU
		{DAD67F9C-FB19-43E1-BD00-2D14313187CE}.Debug|x64.ActiveCfg = Debug|Any CPU
		{DAD67F9C-FB19-43E1-BD00-2D14313187CE}.Debug|x64.Build.0 = Debug|Any CPU
		{DAD67F9C-FB19-43E1-BD00-2D14313187CE}.Debug|x86.ActiveCfg = Debug|Any CPU
		{DAD67F9C-FB19-43E1-BD00-2D14313187CE}.Debug|x86.Build.0 = Debug|Any CPU
		{DAD67F9C-FB19-43E1-BD00-2D14313187CE}.Release|Any CPU.ActiveCfg = Release|Any CPU
		{DAD67F9C-FB19-43E1-BD00-2D14313187CE}.Release|Any CPU.Build.0 = Release|Any CPU
		{DAD67F9C-FB19-43E1-BD00-2D14313187CE}.Release|x64.ActiveCfg = Release|Any CPU
		{DAD67F9C-FB19-43E1-BD00-2D14313187CE}.Release|x64.Build.0 = Release|Any CPU
		{DAD67F9C-FB19-43E1-BD00-2D14313187CE}.Release|x86.ActiveCfg = Release|Any CPU
		{DAD67F9C-FB19-43E1-BD00-2D14313187CE}.Release|x86.Build.0 = Release|Any CPU
	EndGlobalSection
EndGlobal
